
Microsoft Visual Studio Solution File, Format Version 12.00
# Visual Studio 15
Project("{FAE04EC0-301F-11D3-BF4B-00C04F79EFBC}") = "Assembly-CSharp", "Assembly-CSharp.csproj", "{C14414EF-5887-3FCE-16FB-ED6FD534521F}"
EndProject
Project("{FAE04EC0-301F-11D3-BF4B-00C04F79EFBC}") = "NavMeshComponents", "NavMeshComponents.csproj", "{86BA12B4-707C-2984-7951-24ED3C868AC4}"
EndProject
Project("{FAE04EC0-301F-11D3-BF4B-00C04F79EFBC}") = "NavMeshComponentsEditor", "NavMeshComponentsEditor.csproj", "{6CB7E405-AD75-57A8-E4B8-D7F2CC6E633E}"
EndProject
Project("{FAE04EC0-301F-11D3-BF4B-00C04F79EFBC}") = "Assembly-CSharp-Editor", "Assembly-CSharp-Editor.csproj", "{F3E0F866-4A90-C5BA-2A8F-4C00EBA2F9B4}"
EndProject
Global
	GlobalSection(SolutionConfigurationPlatforms) = preSolution
		Debug|Any CPU = Debug|Any CPU
		Release|Any CPU = Release|Any CPU
	EndGlobalSection
	GlobalSection(ProjectConfigurationPlatforms) = postSolution
		{C14414EF-5887-3FCE-16FB-ED6FD534521F}.Debug|Any CPU.ActiveCfg = Debug|Any CPU
		{C14414EF-5887-3FCE-16FB-ED6FD534521F}.Debug|Any CPU.Build.0 = Debug|Any CPU
		{C14414EF-5887-3FCE-16FB-ED6FD534521F}.Release|Any CPU.ActiveCfg = Release|Any CPU
		{C14414EF-5887-3FCE-16FB-ED6FD534521F}.Release|Any CPU.Build.0 = Release|Any CPU
		{86BA12B4-707C-2984-7951-24ED3C868AC4}.Debug|Any CPU.ActiveCfg = Debug|Any CPU
		{86BA12B4-707C-2984-7951-24ED3C868AC4}.Debug|Any CPU.Build.0 = Debug|Any CPU
		{86BA12B4-707C-2984-7951-24ED3C868AC4}.Release|Any CPU.ActiveCfg = Release|Any CPU
		{86BA12B4-707C-2984-7951-24ED3C868AC4}.Release|Any CPU.Build.0 = Release|Any CPU
		{6CB7E405-AD75-57A8-E4B8-D7F2CC6E633E}.Debug|Any CPU.ActiveCfg = Debug|Any CPU
		{6CB7E405-AD75-57A8-E4B8-D7F2CC6E633E}.Debug|Any CPU.Build.0 = Debug|Any CPU
		{6CB7E405-AD75-57A8-E4B8-D7F2CC6E633E}.Release|Any CPU.ActiveCfg = Release|Any CPU
		{6CB7E405-AD75-57A8-E4B8-D7F2CC6E633E}.Release|Any CPU.Build.0 = Release|Any CPU
		{F3E0F866-4A90-C5BA-2A8F-4C00EBA2F9B4}.Debug|Any CPU.ActiveCfg = Debug|Any CPU
		{F3E0F866-4A90-C5BA-2A8F-4C00EBA2F9B4}.Debug|Any CPU.Build.0 = Debug|Any CPU
		{F3E0F866-4A90-C5BA-2A8F-4C00EBA2F9B4}.Release|Any CPU.ActiveCfg = Release|Any CPU
		{F3E0F866-4A90-C5BA-2A8F-4C00EBA2F9B4}.Release|Any CPU.Build.0 = Release|Any CPU
	EndGlobalSection
	GlobalSection(SolutionProperties) = preSolution
		HideSolutionNode = FALSE
	EndGlobalSection
EndGlobal
